{
  "projects": [
    {
      "projectId": "cWxJnkpDqV5Dir3LuN8T7J",
      "version": "latest",
      "dependencies": {},
      "lang": "ts",
      "fileLocks": [
        {
          "type": "globalVariant",
          "assetId": "btwHc1KiU8Wp",
          "checksum": "a7fa4d167831a492c24327c0d004bd67"
        },
        {
          "assetId": "cWxJnkpDqV5Dir3LuN8T7J",
          "type": "projectCss",
          "checksum": "ce74adade9436119280a0f11e03d0563"
        },
        {
          "type": "renderModule",
          "assetId": "_gYeHGAHXEB",
          "checksum": "0a63025f6a655226fc8c199a807585c2"
        },
        {
          "type": "cssRules",
          "assetId": "_gYeHGAHXEB",
          "checksum": "0a63025f6a655226fc8c199a807585c2"
        },
        {
          "type": "renderModule",
          "assetId": "Q6PgPsaN-I1y",
          "checksum": "cd835b72444c3e19699d9b6ddea9044b"
        },
        {
          "type": "cssRules",
          "assetId": "Q6PgPsaN-I1y",
          "checksum": "cd835b72444c3e19699d9b6ddea9044b"
        },
        {
          "type": "renderModule",
          "assetId": "lGDTI_08hU3b",
          "checksum": "c02b758f408d5ffe24fa577114e60b61"
        },
        {
          "type": "cssRules",
          "assetId": "lGDTI_08hU3b",
          "checksum": "c02b758f408d5ffe24fa577114e60b61"
        },
        {
          "type": "renderModule",
          "assetId": "k0kaTZMmDqg_",
          "checksum": "741688eb31edfa3c275c07331e3e7d2c"
        },
        {
          "type": "cssRules",
          "assetId": "k0kaTZMmDqg_",
          "checksum": "741688eb31edfa3c275c07331e3e7d2c"
        },
        {
          "type": "renderModule",
          "assetId": "qSeAbp0kIsSm",
          "checksum": "5874af2a1c51192f95b10a7199fa3f22"
        },
        {
          "type": "cssRules",
          "assetId": "qSeAbp0kIsSm",
          "checksum": "5874af2a1c51192f95b10a7199fa3f22"
        },
        {
          "type": "renderModule",
          "assetId": "FBamjaEXP92d",
          "checksum": "ebd3a8db47058ecceeee134072959663"
        },
        {
          "type": "cssRules",
          "assetId": "FBamjaEXP92d",
          "checksum": "ebd3a8db47058ecceeee134072959663"
        },
        {
          "type": "renderModule",
          "assetId": "ea8aTU-UwGZP",
          "checksum": "91fcb1b2cbfb3c0d67d0ac5c53f591e8"
        },
        {
          "type": "cssRules",
          "assetId": "ea8aTU-UwGZP",
          "checksum": "91fcb1b2cbfb3c0d67d0ac5c53f591e8"
        },
        {
          "type": "renderModule",
          "assetId": "XMz7plnhSScH",
          "checksum": "65cbde70b625b2cda4931e60fc5739d5"
        },
        {
          "type": "cssRules",
          "assetId": "XMz7plnhSScH",
          "checksum": "65cbde70b625b2cda4931e60fc5739d5"
        },
        {
          "type": "renderModule",
          "assetId": "FlEVYP-fDRAs",
          "checksum": "ec30e8d34182c97119e383e32736292f"
        },
        {
          "type": "cssRules",
          "assetId": "FlEVYP-fDRAs",
          "checksum": "ec30e8d34182c97119e383e32736292f"
        },
        {
          "type": "renderModule",
          "assetId": "96wmnZLYUfbD",
          "checksum": "ed457aa526c4bed651e5bfe423d4ac74"
        },
        {
          "type": "cssRules",
          "assetId": "96wmnZLYUfbD",
          "checksum": "ed457aa526c4bed651e5bfe423d4ac74"
        },
        {
          "type": "renderModule",
          "assetId": "dL6qk6KtEtIc",
          "checksum": "c8eea770d5d2a70708613a80807b55d9"
        },
        {
          "type": "cssRules",
          "assetId": "dL6qk6KtEtIc",
          "checksum": "c8eea770d5d2a70708613a80807b55d9"
        },
        {
          "type": "renderModule",
          "assetId": "z6G6JfQ4HcTJ",
          "checksum": "c93d222105d61d487844802b0ea7450c"
        },
        {
          "type": "cssRules",
          "assetId": "z6G6JfQ4HcTJ",
          "checksum": "c93d222105d61d487844802b0ea7450c"
        },
        {
          "type": "renderModule",
          "assetId": "MgO99G--JwuC",
          "checksum": "d0bc828a7eafd7dacc463b87050642ad"
        },
        {
          "type": "cssRules",
          "assetId": "MgO99G--JwuC",
          "checksum": "d0bc828a7eafd7dacc463b87050642ad"
        },
        {
          "type": "renderModule",
          "assetId": "0-Hk2s3zvfd5",
          "checksum": "cb7601d4ca644d78060483bf7f771e41"
        },
        {
          "type": "cssRules",
          "assetId": "0-Hk2s3zvfd5",
          "checksum": "cb7601d4ca644d78060483bf7f771e41"
        },
        {
          "type": "renderModule",
          "assetId": "XlITRR0mG4ll",
          "checksum": "6ad90a8ff3d6f9b028d098f98333d260"
        },
        {
          "type": "cssRules",
          "assetId": "XlITRR0mG4ll",
          "checksum": "6ad90a8ff3d6f9b028d098f98333d260"
        },
        {
          "type": "renderModule",
          "assetId": "cmACKX_Yh2R8",
          "checksum": "9c2414f5601fda1747aa2d9702c4a1c6"
        },
        {
          "type": "cssRules",
          "assetId": "cmACKX_Yh2R8",
          "checksum": "9c2414f5601fda1747aa2d9702c4a1c6"
        },
        {
          "type": "icon",
          "assetId": "nm53oq749Z3H",
          "checksum": "b30cb2807cc3b2efed3ead2af971ce92"
        },
        {
          "type": "icon",
          "assetId": "1yN6b_QyKlKi",
          "checksum": "a565cd709c654e4b9e0a4a5a8368549e"
        },
        {
          "type": "icon",
          "assetId": "U1YOdcmAhqI8",
          "checksum": "2acc6a6ed5ff215f22107ee25cff7e2d"
        },
        {
          "type": "icon",
          "assetId": "xRZ7EP2wMtMn",
          "checksum": "80fc312656a236f033ccb19160c0753b"
        },
        {
          "type": "icon",
          "assetId": "RW9Eo-bfVaLh",
          "checksum": "05a54e53b82c9d05ce2a67143c20f98b"
        },
        {
          "type": "icon",
          "assetId": "6K-9832SePvp",
          "checksum": "d24fbb9d17b7ed9ef4178328a2cd1019"
        },
        {
          "type": "icon",
          "assetId": "1oNSKHIUbAHg",
          "checksum": "af95c299689db9dcc9cb6c4dc315550d"
        },
        {
          "type": "icon",
          "assetId": "6dzfiMhsbIUx",
          "checksum": "9589fd4f599e1f947019f0a4e3b145ff"
        },
        {
          "type": "icon",
          "assetId": "1dHhpVVNIjoe",
          "checksum": "261dbee48bd0b45ddc3180bd27713f32"
        },
        {
          "type": "icon",
          "assetId": "XekEnK6wp2u6",
          "checksum": "def849a4b506111728a7a803f74acc74"
        },
        {
          "type": "icon",
          "assetId": "cSe4ZFVb8tqe",
          "checksum": "604aac9b6a111553474d076503ff2f39"
        },
        {
          "type": "icon",
          "assetId": "vKsYwO5cfoD7",
          "checksum": "f38c26aa1172d5b9583301eca1c6be22"
        },
        {
          "type": "icon",
          "assetId": "iSsMtT4UP3Wk",
          "checksum": "b1966404f6be17baf02cd0f98209fa6d"
        },
        {
          "type": "icon",
          "assetId": "7nWT_TC8IuUt",
          "checksum": "7047c6e515f612e9c6aa3892f0483250"
        },
        {
          "type": "icon",
          "assetId": "pHxIOY6_W57c",
          "checksum": "09effb8f0ea087bbfd4411e68c29b116"
        },
        {
          "type": "icon",
          "assetId": "62eNJJ0bKwo0",
          "checksum": "191c78ea45581eed2dcc64a28a7545a7"
        },
        {
          "type": "icon",
          "assetId": "q8ANPcbc68f2",
          "checksum": "807ea560f996a661a653f86c7e9caadc"
        },
        {
          "type": "image",
          "assetId": "8IjNI_meH4se",
          "checksum": "7785b3e2e4f376b8816ddbbbb83d01b5"
        },
        {
          "type": "image",
          "assetId": "sRf27bpOls0A",
          "checksum": "97c3e087442fbaaa015891ec42384ebb"
        },
        {
          "type": "image",
          "assetId": "imtQ7SxouUJl",
          "checksum": "6deb101b55ed811273d02c2431a18364"
        },
        {
          "type": "image",
          "assetId": "xLsPwm7-iG0H",
          "checksum": "997bc134ecd67e28e6446ba666ceca41"
        },
        {
          "type": "image",
          "assetId": "EfkQuAUXSxez",
          "checksum": "d3fc965fe131a6a97174ac70622ba9ec"
        },
        {
          "type": "image",
          "assetId": "eDAUEhSIke0a",
          "checksum": "6392075b66f54344145a859fdd2d62f2"
        },
        {
          "type": "image",
          "assetId": "3r1LTxv6a3Tp",
          "checksum": "ecfbc6f681a7bc76335d5eef6fd3657e"
        },
        {
          "type": "image",
          "assetId": "EW-g43S_VY3a",
          "checksum": "da35a8a83f5d7c1020e5b999bc5df650"
        },
        {
          "type": "image",
          "assetId": "7SvhRDS69vUr",
          "checksum": "77027a74ba9687a88e4737594af286a9"
        },
        {
          "type": "image",
          "assetId": "Fzt8PXypa_lw",
          "checksum": "278d2a2d45ac169cf518919db09d1090"
        },
        {
          "type": "image",
          "assetId": "0_hdnxK71Yz7",
          "checksum": "e3ce48647e1d96faa10bd3a0e6501ae9"
        },
        {
          "type": "image",
          "assetId": "qSz1nMXgDUom",
          "checksum": "dc6ec7c1f2bb1e43ec582a46b3cc9df6"
        },
        {
          "type": "image",
          "assetId": "4vhxewSsYLpM",
          "checksum": "43abbe0f665ffcfe0ab59478d528f9e2"
        },
        {
          "type": "image",
          "assetId": "r1oJAgZXarC4",
          "checksum": "53afbf8504c27d92eead9be0c578b16f"
        },
        {
          "type": "image",
          "assetId": "Fe6_fWdkNO2B",
          "checksum": "9a10cdbde5293985f284838eda4d17de"
        },
        {
          "type": "image",
          "assetId": "FM9M8ZDSCpI8",
          "checksum": "27f0d43b4b95c1bf029806b62117e93d"
        },
        {
          "type": "image",
          "assetId": "pb_JI0cnzO3Z",
          "checksum": "2a3e90377891d35e9530e592a1194e19"
        },
        {
          "type": "image",
          "assetId": "X4E7YTz8MHE_",
          "checksum": "2582b1b210b64737aedec8c11a2fcbc5"
        },
        {
          "type": "image",
          "assetId": "eG1kvs9gKkt9",
          "checksum": "81676d5f00aaf7087505d864c56bbccd"
        },
        {
          "type": "image",
          "assetId": "bU3SEr35azgC",
          "checksum": "999eeff271bb8f4d04e7f656029810d7"
        }
      ]
    }
  ],
  "cliVersion": "0.1.166"
}
